// !$*UTF8*$!
{
	archiveVersion = 1;
	classes = {
	};
	objectVersion = 46;
	objects = {

/* Begin PBXBuildFile section */
		4C6A26191AE08DE9000ACB03 /* AppDelegate.swift in Sources */ = {isa = PBXBuildFile; fileRef = 4C6A26181AE08DE9000ACB03 /* AppDelegate.swift */; };
		4C6A261B1AE08DE9000ACB03 /* ViewController.swift in Sources */ = {isa = PBXBuildFile; fileRef = 4C6A261A1AE08DE9000ACB03 /* ViewController.swift */; };
		4C6A261E1AE08DE9000ACB03 /* Main.storyboard in Resources */ = {isa = PBXBuildFile; fileRef = 4C6A261C1AE08DE9000ACB03 /* Main.storyboard */; };
		4C6A26201AE08DE9000ACB03 /* Images.xcassets in Resources */ = {isa = PBXBuildFile; fileRef = 4C6A261F1AE08DE9000ACB03 /* Images.xcassets */; };
		4C6A26231AE08DE9000ACB03 /* LaunchScreen.xib in Resources */ = {isa = PBXBuildFile; fileRef = 4C6A26211AE08DE9000ACB03 /* LaunchScreen.xib */; };
		4C6A262F1AE08DE9000ACB03 /* Lame_Relationship_Facebook_PhotosTests.swift in Sources */ = {isa = PBXBuildFile; fileRef = 4C6A262E1AE08DE9000ACB03 /* Lame_Relationship_Facebook_PhotosTests.swift */; };
		4C6A263D1AE09A3F000ACB03 /* 68E0C746-7D6A-4BE9-861B-4516730688B6.png in Resources */ = {isa = PBXBuildFile; fileRef = 4C6A26391AE09A3F000ACB03 /* 68E0C746-7D6A-4BE9-861B-4516730688B6.png */; };
		4C6A263E1AE09A3F000ACB03 /* 10842066_10152491155575222_8280492882503927322_o.jpg in Resources */ = {isa = PBXBuildFile; fileRef = 4C6A263A1AE09A3F000ACB03 /* 10842066_10152491155575222_8280492882503927322_o.jpg */; };
		4C6A263F1AE09A3F000ACB03 /* C07F2020-3F73-47F0-A5B9-93C0EC9325B1.png in Resources */ = {isa = PBXBuildFile; fileRef = 4C6A263B1AE09A3F000ACB03 /* C07F2020-3F73-47F0-A5B9-93C0EC9325B1.png */; };
		4C6A26401AE09A3F000ACB03 /* EB51EE25-5842-4144-874B-35FDC0CAAC03.png in Resources */ = {isa = PBXBuildFile; fileRef = 4C6A263C1AE09A3F000ACB03 /* EB51EE25-5842-4144-874B-35FDC0CAAC03.png */; };
		4C6A26451AE6FC2B000ACB03 /* 10665848_10152252590883204_8622646267825733979_n.jpg in Resources */ = {isa = PBXBuildFile; fileRef = 4C6A26411AE6FC2B000ACB03 /* 10665848_10152252590883204_8622646267825733979_n.jpg */; };
		4C6A26461AE6FC2B000ACB03 /* 11060991_10152630026088204_5422760623074676850_n.jpg in Resources */ = {isa = PBXBuildFile; fileRef = 4C6A26421AE6FC2B000ACB03 /* 11060991_10152630026088204_5422760623074676850_n.jpg */; };
		4C6A26471AE6FC2B000ACB03 /* 11127875_10152682503043204_2682481965321452124_o.jpg in Resources */ = {isa = PBXBuildFile; fileRef = 4C6A26431AE6FC2B000ACB03 /* 11127875_10152682503043204_2682481965321452124_o.jpg */; };
		4C6A26481AE6FC2B000ACB03 /* 10968381_10203589550879415_3584065129470792187_n.jpg in Resources */ = {isa = PBXBuildFile; fileRef = 4C6A26441AE6FC2B000ACB03 /* 10968381_10203589550879415_3584065129470792187_n.jpg */; };
/* End PBXBuildFile section */

/* Begin PBXContainerItemProxy section */
		4C6A26291AE08DE9000ACB03 /* PBXContainerItemProxy */ = {
			isa = PBXContainerItemProxy;
			containerPortal = 4C6A260B1AE08DE9000ACB03 /* Project object */;
			proxyType = 1;
			remoteGlobalIDString = 4C6A26121AE08DE9000ACB03;
			remoteInfo = "Lame Relationship Facebook Photos";
		};
/* End PBXContainerItemProxy section */

/* Begin PBXFileReference section */
		4C6A26131AE08DE9000ACB03 /* Lame Relationship Facebook Photos.app */ = {isa = PBXFileReference; explicitFileType = wrapper.application; includeInIndex = 0; path = "Lame Relationship Facebook Photos.app"; sourceTree = BUILT_PRODUCTS_DIR; };
		4C6A26171AE08DE9000ACB03 /* Info.plist */ = {isa = PBXFileReference; lastKnownFileType = text.plist.xml; path = Info.plist; sourceTree = "<group>"; };
		4C6A26181AE08DE9000ACB03 /* AppDelegate.swift */ = {isa = PBXFileReference; lastKnownFileType = sourcecode.swift; path = AppDelegate.swift; sourceTree = "<group>"; };
		4C6A261A1AE08DE9000ACB03 /* ViewController.swift */ = {isa = PBXFileReference; lastKnownFileType = sourcecode.swift; path = ViewController.swift; sourceTree = "<group>"; };
		4C6A261D1AE08DE9000ACB03 /* Base */ = {isa = PBXFileReference; lastKnownFileType = file.storyboard; name = Base; path = Base.lproj/Main.storyboard; sourceTree = "<group>"; };
		4C6A261F1AE08DE9000ACB03 /* Images.xcassets */ = {isa = PBXFileReference; lastKnownFileType = folder.assetcatalog; path = Images.xcassets; sourceTree = "<group>"; };
		4C6A26221AE08DE9000ACB03 /* Base */ = {isa = PBXFileReference; lastKnownFileType = file.xib; name = Base; path = Base.lproj/LaunchScreen.xib; sourceTree = "<group>"; };
		4C6A26281AE08DE9000ACB03 /* Lame Relationship Facebook PhotosTests.xctest */ = {isa = PBXFileReference; explicitFileType = wrapper.cfbundle; includeInIndex = 0; path = "Lame Relationship Facebook PhotosTests.xctest"; sourceTree = BUILT_PRODUCTS_DIR; };
		4C6A262D1AE08DE9000ACB03 /* Info.plist */ = {isa = PBXFileReference; lastKnownFileType = text.plist.xml; path = Info.plist; sourceTree = "<group>"; };
		4C6A262E1AE08DE9000ACB03 /* Lame_Relationship_Facebook_PhotosTests.swift */ = {isa = PBXFileReference; lastKnownFileType = sourcecode.swift; path = Lame_Relationship_Facebook_PhotosTests.swift; sourceTree = "<group>"; };
		4C6A26391AE09A3F000ACB03 /* 68E0C746-7D6A-4BE9-861B-4516730688B6.png */ = {isa = PBXFileReference; lastKnownFileType = image.png; path = "68E0C746-7D6A-4BE9-861B-4516730688B6.png"; sourceTree = "<group>"; };
		4C6A263A1AE09A3F000ACB03 /* 10842066_10152491155575222_8280492882503927322_o.jpg */ = {isa = PBXFileReference; lastKnownFileType = image.jpeg; path = 10842066_10152491155575222_8280492882503927322_o.jpg; sourceTree = "<group>"; };
		4C6A263B1AE09A3F000ACB03 /* C07F2020-3F73-47F0-A5B9-93C0EC9325B1.png */ = {isa = PBXFileReference; lastKnownFileType = image.png; path = "C07F2020-3F73-47F0-A5B9-93C0EC9325B1.png"; sourceTree = "<group>"; };
		4C6A263C1AE09A3F000ACB03 /* EB51EE25-5842-4144-874B-35FDC0CAAC03.png */ = {isa = PBXFileReference; lastKnownFileType = image.png; path = "EB51EE25-5842-4144-874B-35FDC0CAAC03.png"; sourceTree = "<group>"; };
		4C6A26411AE6FC2B000ACB03 /* 10665848_10152252590883204_8622646267825733979_n.jpg */ = {isa = PBXFileReference; lastKnownFileType = image.jpeg; path = 10665848_10152252590883204_8622646267825733979_n.jpg; sourceTree = "<group>"; };
		4C6A26421AE6FC2B000ACB03 /* 11060991_10152630026088204_5422760623074676850_n.jpg */ = {isa = PBXFileReference; lastKnownFileType = image.jpeg; path = 11060991_10152630026088204_5422760623074676850_n.jpg; sourceTree = "<group>"; };
		4C6A26431AE6FC2B000ACB03 /* 11127875_10152682503043204_2682481965321452124_o.jpg */ = {isa = PBXFileReference; lastKnownFileType = image.jpeg; path = 11127875_10152682503043204_2682481965321452124_o.jpg; sourceTree = "<group>"; };
		4C6A26441AE6FC2B000ACB03 /* 10968381_10203589550879415_3584065129470792187_n.jpg */ = {isa = PBXFileReference; lastKnownFileType = image.jpeg; path = 10968381_10203589550879415_3584065129470792187_n.jpg; sourceTree = "<group>"; };
/* End PBXFileReference section */

/* Begin PBXFrameworksBuildPhase section */
		4C6A26101AE08DE9000ACB03 /* Frameworks */ = {
			isa = PBXFrameworksBuildPhase;
			buildActionMask = 2147483647;
			files = (
			);
			runOnlyForDeploymentPostprocessing = 0;
		};
		4C6A26251AE08DE9000ACB03 /* Frameworks */ = {
			isa = PBXFrameworksBuildPhase;
			buildActionMask = 2147483647;
			files = (
			);
			runOnlyForDeploymentPostprocessing = 0;
		};
/* End PBXFrameworksBuildPhase section */

/* Begin PBXGroup section */
		4C6A260A1AE08DE9000ACB03 = {
			isa = PBXGroup;
			children = (
				4C6A26151AE08DE9000ACB03 /* Lame Relationship Facebook Photos */,
				4C6A262B1AE08DE9000ACB03 /* Lame Relationship Facebook PhotosTests */,
				4C6A26141AE08DE9000ACB03 /* Products */,
			);
			sourceTree = "<group>";
		};
		4C6A26141AE08DE9000ACB03 /* Products */ = {
			isa = PBXGroup;
			children = (
				4C6A26131AE08DE9000ACB03 /* Lame Relationship Facebook Photos.app */,
				4C6A26281AE08DE9000ACB03 /* Lame Relationship Facebook PhotosTests.xctest */,
			);
			name = Products;
			sourceTree = "<group>";
		};
		4C6A26151AE08DE9000ACB03 /* Lame Relationship Facebook Photos */ = {
			isa = PBXGroup;
			children = (
				4C6A26381AE099AC000ACB03 /* Photos */,
				4C6A26181AE08DE9000ACB03 /* AppDelegate.swift */,
				4C6A261A1AE08DE9000ACB03 /* ViewController.swift */,
				4C6A261C1AE08DE9000ACB03 /* Main.storyboard */,
				4C6A261F1AE08DE9000ACB03 /* Images.xcassets */,
				4C6A26211AE08DE9000ACB03 /* LaunchScreen.xib */,
				4C6A26161AE08DE9000ACB03 /* Supporting Files */,
			);
			path = "Lame Relationship Facebook Photos";
			sourceTree = "<group>";
		};
		4C6A26161AE08DE9000ACB03 /* Supporting Files */ = {
			isa = PBXGroup;
			children = (
				4C6A26171AE08DE9000ACB03 /* Info.plist */,
			);
			name = "Supporting Files";
			sourceTree = "<group>";
		};
		4C6A262B1AE08DE9000ACB03 /* Lame Relationship Facebook PhotosTests */ = {
			isa = PBXGroup;
			children = (
				4C6A262E1AE08DE9000ACB03 /* Lame_Relationship_Facebook_PhotosTests.swift */,
				4C6A262C1AE08DE9000ACB03 /* Supporting Files */,
			);
			path = "Lame Relationship Facebook PhotosTests";
			sourceTree = "<group>";
		};
		4C6A262C1AE08DE9000ACB03 /* Supporting Files */ = {
			isa = PBXGroup;
			children = (
				4C6A262D1AE08DE9000ACB03 /* Info.plist */,
			);
			name = "Supporting Files";
			sourceTree = "<group>";
		};
		4C6A26381AE099AC000ACB03 /* Photos */ = {
			isa = PBXGroup;
			children = (
				4C6A26411AE6FC2B000ACB03 /* 10665848_10152252590883204_8622646267825733979_n.jpg */,
				4C6A26421AE6FC2B000ACB03 /* 11060991_10152630026088204_5422760623074676850_n.jpg */,
				4C6A26431AE6FC2B000ACB03 /* 11127875_10152682503043204_2682481965321452124_o.jpg */,
				4C6A26441AE6FC2B000ACB03 /* 10968381_10203589550879415_3584065129470792187_n.jpg */,
				4C6A26391AE09A3F000ACB03 /* 68E0C746-7D6A-4BE9-861B-4516730688B6.png */,
				4C6A263A1AE09A3F000ACB03 /* 10842066_10152491155575222_8280492882503927322_o.jpg */,
				4C6A263B1AE09A3F000ACB03 /* C07F2020-3F73-47F0-A5B9-93C0EC9325B1.png */,
				4C6A263C1AE09A3F000ACB03 /* EB51EE25-5842-4144-874B-35FDC0CAAC03.png */,
			);
			name = Photos;
			sourceTree = "<group>";
		};
/* End PBXGroup section */

/* Begin PBXNativeTarget section */
		4C6A26121AE08DE9000ACB03 /* Lame Relationship Facebook Photos */ = {
			isa = PBXNativeTarget;
			buildConfigurationList = 4C6A26321AE08DE9000ACB03 /* Build configuration list for PBXNativeTarget "Lame Relationship Facebook Photos" */;
			buildPhases = (
				4C6A260F1AE08DE9000ACB03 /* Sources */,
				4C6A26101AE08DE9000ACB03 /* Frameworks */,
				4C6A26111AE08DE9000ACB03 /* Resources */,
			);
			buildRules = (
			);
			dependencies = (
			);
			name = "Lame Relationship Facebook Photos";
			productName = "Lame Relationship Facebook Photos";
			productReference = 4C6A26131AE08DE9000ACB03 /* Lame Relationship Facebook Photos.app */;
			productType = "com.apple.product-type.application";
		};
		4C6A26271AE08DE9000ACB03 /* Lame Relationship Facebook PhotosTests */ = {
			isa = PBXNativeTarget;
			buildConfigurationList = 4C6A26351AE08DE9000ACB03 /* Build configuration list for PBXNativeTarget "Lame Relationship Facebook PhotosTests" */;
			buildPhases = (
				4C6A26241AE08DE9000ACB03 /* Sources */,
				4C6A26251AE08DE9000ACB03 /* Frameworks */,
				4C6A26261AE08DE9000ACB03 /* Resources */,
			);
			buildRules = (
			);
			dependencies = (
				4C6A262A1AE08DE9000ACB03 /* PBXTargetDependency */,
			);
			name = "Lame Relationship Facebook PhotosTests";
			productName = "Lame Relationship Facebook PhotosTests";
			productReference = 4C6A26281AE08DE9000ACB03 /* Lame Relationship Facebook PhotosTests.xctest */;
			productType = "com.apple.product-type.bundle.unit-test";
		};
/* End PBXNativeTarget section */

/* Begin PBXProject section */
		4C6A260B1AE08DE9000ACB03 /* Project object */ = {
			isa = PBXProject;
			attributes = {
				LastUpgradeCheck = 0630;
				ORGANIZATIONNAME = "Ned Kenney";
				TargetAttributes = {
					4C6A26121AE08DE9000ACB03 = {
						CreatedOnToolsVersion = 6.3;
					};
					4C6A26271AE08DE9000ACB03 = {
						CreatedOnToolsVersion = 6.3;
						TestTargetID = 4C6A26121AE08DE9000ACB03;
					};
				};
			};
			buildConfigurationList = 4C6A260E1AE08DE9000ACB03 /* Build configuration list for PBXProject "Lame Relationship Facebook Photos" */;
			compatibilityVersion = "Xcode 3.2";
			developmentRegion = English;
			hasScannedForEncodings = 0;
			knownRegions = (
				en,
				Base,
			);
			mainGroup = 4C6A260A1AE08DE9000ACB03;
			productRefGroup = 4C6A26141AE08DE9000ACB03 /* Products */;
			projectDirPath = "";
			projectRoot = "";
			targets = (
				4C6A26121AE08DE9000ACB03 /* Lame Relationship Facebook Photos */,
				4C6A26271AE08DE9000ACB03 /* Lame Relationship Facebook PhotosTests */,
			);
		};
/* End PBXProject section */

/* Begin PBXResourcesBuildPhase section */
		4C6A26111AE08DE9000ACB03 /* Resources */ = {
			isa = PBXResourcesBuildPhase;
			buildActionMask = 2147483647;
			files = (
				4C6A261E1AE08DE9000ACB03 /* Main.storyboard in Resources */,
				4C6A26481AE6FC2B000ACB03 /* 10968381_10203589550879415_3584065129470792187_n.jpg in Resources */,
				4C6A26401AE09A3F000ACB03 /* EB51EE25-5842-4144-874B-35FDC0CAAC03.png in Resources */,
				4C6A263D1AE09A3F000ACB03 /* 68E0C746-7D6A-4BE9-861B-4516730688B6.png in Resources */,
				4C6A26451AE6FC2B000ACB03 /* 10665848_10152252590883204_8622646267825733979_n.jpg in Resources */,
				4C6A26471AE6FC2B000ACB03 /* 11127875_10152682503043204_2682481965321452124_o.jpg in Resources */,
				4C6A26231AE08DE9000ACB03 /* LaunchScreen.xib in Resources */,
				4C6A26461AE6FC2B000ACB03 /* 11060991_10152630026088204_5422760623074676850_n.jpg in Resources */,
				4C6A263F1AE09A3F000ACB03 /* C07F2020-3F73-47F0-A5B9-93C0EC9325B1.png in Resources */,
				4C6A26201AE08DE9000ACB03 /* Images.xcassets in Resources */,
				4C6A263E1AE09A3F000ACB03 /* 10842066_10152491155575222_8280492882503927322_o.jpg in Resources */,
			);
			runOnlyForDeploymentPostprocessing = 0;
		};
		4C6A26261AE08DE9000ACB03 /* Resources */ = {
			isa = PBXResourcesBuildPhase;
			buildActionMask = 2147483647;
			files = (
			);
			runOnlyForDeploymentPostprocessing = 0;
		};
/* End PBXResourcesBuildPhase section */

/* Begin PBXSourcesBuildPhase section */
		4C6A260F1AE08DE9000ACB03 /* Sources */ = {
			isa = PBXSourcesBuildPhase;
			buildActionMask = 2147483647;
			files = (
				4C6A261B1AE08DE9000ACB03 /* ViewController.swift in Sources */,
				4C6A26191AE08DE9000ACB03 /* AppDelegate.swift in Sources */,
			);
			runOnlyForDeploymentPostprocessing = 0;
		};
		4C6A26241AE08DE9000ACB03 /* Sources */ = {
			isa = PBXSourcesBuildPhase;
			buildActionMask = 2147483647;
			files = (
				4C6A262F1AE08DE9000ACB03 /* Lame_Relationship_Facebook_PhotosTests.swift in Sources */,
			);
			runOnlyForDeploymentPostprocessing = 0;
		};
/* End PBXSourcesBuildPhase section */

/* Begin PBXTargetDependency section */
		4C6A262A1AE08DE9000ACB03 /* PBXTargetDependency */ = {
			isa = PBXTargetDependency;
			target = 4C6A26121AE08DE9000ACB03 /* Lame Relationship Facebook Photos */;
			targetProxy = 4C6A26291AE08DE9000ACB03 /* PBXContainerItemProxy */;
		};
/* End PBXTargetDependency section */

/* Begin PBXVariantGroup section */
		4C6A261C1AE08DE9000ACB03 /* Main.storyboard */ = {
			isa = PBXVariantGroup;
			children = (
				4C6A261D1AE08DE9000ACB03 /* Base */,
			);
			name = Main.storyboard;
			sourceTree = "<group>";
		};
		4C6A26211AE08DE9000ACB03 /* LaunchScreen.xib */ = {
			isa = PBXVariantGroup;
			children = (
				4C6A26221AE08DE9000ACB03 /* Base */,
			);
			name = LaunchScreen.xib;
			sourceTree = "<group>";
		};
/* End PBXVariantGroup section */

/* Begin XCBuildConfiguration section */
		4C6A26301AE08DE9000ACB03 /* Debug */ = {
			isa = XCBuildConfiguration;
			buildSettings = {
				ALWAYS_SEARCH_USER_PATHS = NO;
				CLANG_CXX_LANGUAGE_STANDARD = "gnu++0x";
				CLANG_CXX_LIBRARY = "libc++";
				CLANG_ENABLE_MODULES = YES;
				CLANG_ENABLE_OBJC_ARC = YES;
				CLANG_WARN_BOOL_CONVERSION = YES;
				CLANG_WARN_CONSTANT_CONVERSION = YES;
				CLANG_WARN_DIRECT_OBJC_ISA_USAGE = YES_ERROR;
				CLANG_WARN_EMPTY_BODY = YES;
				CLANG_WARN_ENUM_CONVERSION = YES;
				CLANG_WARN_INT_CONVERSION = YES;
				CLANG_WARN_OBJC_ROOT_CLASS = YES_ERROR;
				CLANG_WARN_UNREACHABLE_CODE = YES;
				CLANG_WARN__DUPLICATE_METHOD_MATCH = YES;
				"CODE_SIGN_IDENTITY[sdk=iphoneos*]" = "iPhone Developer";
				COPY_PHASE_STRIP = NO;
				DEBUG_INFORMATION_FORMAT = "dwarf-with-dsym";
				ENABLE_STRICT_OBJC_MSGSEND = YES;
				GCC_C_LANGUAGE_STANDARD = gnu99;
				GCC_DYNAMIC_NO_PIC = NO;
				GCC_NO_COMMON_BLOCKS = YES;
				GCC_OPTIMIZATION_LEVEL = 0;
				GCC_PREPROCESSOR_DEFINITIONS = (
					"DEBUG=1",
					"$(inherited)",
				);
				GCC_SYMBOLS_PRIVATE_EXTERN = NO;
				GCC_WARN_64_TO_32_BIT_CONVERSION = YES;
				GCC_WARN_ABOUT_RETURN_TYPE = YES_ERROR;
				GCC_WARN_UNDECLARED_SELECTOR = YES;
				GCC_WARN_UNINITIALIZED_AUTOS = YES_AGGRESSIVE;
				GCC_WARN_UNUSED_FUNCTION = YES;
				GCC_WARN_UNUSED_VARIABLE = YES;
				IPHONEOS_DEPLOYMENT_TARGET = 8.3;
				MTL_ENABLE_DEBUG_INFO = YES;
				ONLY_ACTIVE_ARCH = YES;
				SDKROOT = iphoneos;
				SWIFT_OPTIMIZATION_LEVEL = "-Onone";
			};
			name = Debug;
		};
		4C6A26311AE08DE9000ACB03 /* Release */ = {
			isa = XCBuildConfiguration;
			buildSettings = {
				ALWAYS_SEARCH_USER_PATHS = NO;
				CLANG_CXX_LANGUAGE_STANDARD = "gnu++0x";
				CLANG_CXX_LIBRARY = "libc++";
				CLANG_ENABLE_MODULES = YES;
				CLANG_ENABLE_OBJC_ARC = YES;
				CLANG_WARN_BOOL_CONVERSION = YES;
				CLANG_WARN_CONSTANT_CONVERSION = YES;
				CLANG_WARN_DIRECT_OBJC_ISA_USAGE = YES_ERROR;
				CLANG_WARN_EMPTY_BODY = YES;
				CLANG_WARN_ENUM_CONVERSION = YES;
				CLANG_WARN_INT_CONVERSION = YES;
				CLANG_WARN_OBJC_ROOT_CLASS = YES_ERROR;
				CLANG_WARN_UNREACHABLE_CODE = YES;
				CLANG_WARN__DUPLICATE_METHOD_MATCH = YES;
				"CODE_SIGN_IDENTITY[sdk=iphoneos*]" = "iPhone Developer";
				COPY_PHASE_STRIP = NO;
				DEBUG_INFORMATION_FORMAT = "dwarf-with-dsym";
				ENABLE_NS_ASSERTIONS = NO;
				ENABLE_STRICT_OBJC_MSGSEND = YES;
				GCC_C_LANGUAGE_STANDARD = gnu99;
				GCC_NO_COMMON_BLOCKS = YES;
				GCC_WARN_64_TO_32_BIT_CONVERSION = YES;
				GCC_WARN_ABOUT_RETURN_TYPE = YES_ERROR;
				GCC_WARN_UNDECLARED_SELECTOR = YES;
				GCC_WARN_UNINITIALIZED_AUTOS = YES_AGGRESSIVE;
				GCC_WARN_UNUSED_FUNCTION = YES;
				GCC_WARN_UNUSED_VARIABLE = YES;
				IPHONEOS_DEPLOYMENT_TARGET = 8.3;
				MTL_ENABLE_DEBUG_INFO = NO;
				SDKROOT = iphoneos;
				VALIDATE_PRODUCT = YES;
			};
			name = Release;
		};
		4C6A26331AE08DE9000ACB03 /* Debug */ = {
			isa = XCBuildConfiguration;
			buildSettings = {
				ASSETCATALOG_COMPILER_APPICON_NAME = AppIcon;
				INFOPLIST_FILE = "Lame Relationship Facebook Photos/Info.plist";
				LD_RUNPATH_SEARCH_PATHS = "$(inherited) @executable_path/Frameworks";
				PRODUCT_NAME = "$(TARGET_NAME)";
			};
			name = Debug;
		};
		4C6A26341AE08DE9000ACB03 /* Release */ = {
			isa = XCBuildConfiguration;
			buildSettings = {
				ASSETCATALOG_COMPILER_APPICON_NAME = AppIcon;
				INFOPLIST_FILE = "Lame Relationship Facebook Photos/Info.plist";
				LD_RUNPATH_SEARCH_PATHS = "$(inherited) @executable_path/Frameworks";
				PRODUCT_NAME = "$(TARGET_NAME)";
			};
			name = Release;
		};
		4C6A26361AE08DE9000ACB03 /* Debug */ = {
			isa = XCBuildConfiguration;
			buildSettings = {
				BUNDLE_LOADER = "$(TEST_HOST)";
				FRAMEWORK_SEARCH_PATHS = (
					"$(SDKROOT)/Developer/Library/Frameworks",
					"$(inherited)",
				);
				GCC_PREPROCESSOR_DEFINITIONS = (
					"DEBUG=1",
					"$(inherited)",
				);
				INFOPLIST_FILE = "Lame Relationship Facebook PhotosTests/Info.plist";
				LD_RUNPATH_SEARCH_PATHS = "$(inherited) @executable_path/Frameworks @loader_path/Frameworks";
				PRODUCT_NAME = "$(TARGET_NAME)";
				TEST_HOST = "$(BUILT_PRODUCTS_DIR)/Lame Relationship Facebook Photos.app/Lame Relationship Facebook Photos";
			};
			name = Debug;
		};
		4C6A26371AE08DE9000ACB03 /* Release */ = {
			isa = XCBuildConfiguration;
			buildSettings = {
				BUNDLE_LOADER = "$(TEST_HOST)";
				FRAMEWORK_SEARCH_PATHS = (
					"$(SDKROOT)/Developer/Library/Frameworks",
					"$(inherited)",
				);
				INFOPLIST_FILE = "Lame Relationship Facebook PhotosTests/Info.plist";
				LD_RUNPATH_SEARCH_PATHS = "$(inherited) @executable_path/Frameworks @loader_path/Frameworks";
				PRODUCT_NAME = "$(TARGET_NAME)";
				TEST_HOST = "$(BUILT_PRODUCTS_DIR)/Lame Relationship Facebook Photos.app/Lame Relationship Facebook Photos";
			};
			name = Release;
		};
/* End XCBuildConfiguration section */

/* Begin XCConfigurationList section */
		4C6A260E1AE08DE9000ACB03 /* Build configuration list for PBXProject "Lame Relationship Facebook Photos" */ = {
			isa = XCConfigurationList;
			buildConfigurations = (
				4C6A26301AE08DE9000ACB03 /* Debug */,
				4C6A26311AE08DE9000ACB03 /* Release */,
			);
			defaultConfigurationIsVisible = 0;
			defaultConfigurationName = Release;
		};
		4C6A26321AE08DE9000ACB03 /* Build configuration list for PBXNativeTarget "Lame Relationship Facebook Photos" */ = {
			isa = XCConfigurationList;
			buildConfigurations = (
				4C6A26331AE08DE9000ACB03 /* Debug */,
				4C6A26341AE08DE9000ACB03 /* Release */,
			);
			defaultConfigurationIsVisible = 0;
		};
		4C6A26351AE08DE9000ACB03 /* Build configuration list for PBXNativeTarget "Lame Relationship Facebook PhotosTests" */ = {
			isa = XCConfigurationList;
			buildConfigurations = (
				4C6A26361AE08DE9000ACB03 /* Debug */,
				4C6A26371AE08DE9000ACB03 /* Release */,
			);
			defaultConfigurationIsVisible = 0;
		};
/* End XCConfigurationList section */
	};
	rootObject = 4C6A260B1AE08DE9000ACB03 /* Project object */;
}
